
Microsoft Visual Studio Solution File, Format Version 12.00
# Visual Studio Version 16
VisualStudioVersion = 16.0.31205.134
MinimumVisualStudioVersion = 10.0.40219.1
Project("{FAE04EC0-301F-11D3-BF4B-00C04F79EFBC}") = "Bikeshop", "Bikeshop\Bikeshop.csproj", "{90F6096C-7326-4FDE-80BA-765E5CB7D41B}"
EndProject
Project("{FAE04EC0-301F-11D3-BF4B-00C04F79EFBC}") = "BikeshopTests2", "BikeshopTests2\BikeshopTests2.csproj", "{ED8617EE-84F6-4ED7-B036-C4C74FFDAEF1}"
EndProject
Global
	GlobalSection(SolutionConfigurationPlatforms) = preSolution
		Debug|Any CPU = Debug|Any CPU
		Release|Any CPU = Release|Any CPU
	EndGlobalSection
	GlobalSection(ProjectConfigurationPlatforms) = postSolution
		{90F6096C-7326-4FDE-80BA-765E5CB7D41B}.Debug|Any CPU.ActiveCfg = Debug|Any CPU
		{90F6096C-7326-4FDE-80BA-765E5CB7D41B}.Debug|Any CPU.Build.0 = Debug|Any CPU
		{90F6096C-7326-4FDE-80BA-765E5CB7D41B}.Release|Any CPU.ActiveCfg = Release|Any CPU
		{90F6096C-7326-4FDE-80BA-765E5CB7D41B}.Release|Any CPU.Build.0 = Release|Any CPU
		{ED8617EE-84F6-4ED7-B036-C4C74FFDAEF1}.Debug|Any CPU.ActiveCfg = Debug|Any CPU
		{ED8617EE-84F6-4ED7-B036-C4C74FFDAEF1}.Debug|Any CPU.Build.0 = Debug|Any CPU
		{ED8617EE-84F6-4ED7-B036-C4C74FFDAEF1}.Release|Any CPU.ActiveCfg = Release|Any CPU
		{ED8617EE-84F6-4ED7-B036-C4C74FFDAEF1}.Release|Any CPU.Build.0 = Release|Any CPU
	EndGlobalSection
	GlobalSection(SolutionProperties) = preSolution
		HideSolutionNode = FALSE
	EndGlobalSection
	GlobalSection(ExtensibilityGlobals) = postSolution
		SolutionGuid = {E3CEBD55-CC68-4420-B7D5-748E57F06A00}
	EndGlobalSection
EndGlobal
